
Microsoft Visual Studio Solution File, Format Version 12.00
# Visual Studio 15
Project("{FAE04EC0-301F-11D3-BF4B-00C04F79EFBC}") = "DangEasy.Caching.MemoryCache", "DangEasy.Caching.MemoryCache\DangEasy.Caching.MemoryCache.csproj", "{073B8FF2-1C37-4C1B-97DE-EE762122F3C7}"
EndProject
Project("{FAE04EC0-301F-11D3-BF4B-00C04F79EFBC}") = "DangEasy.Caching.MemoryCache.Test", "DangEasy.Caching.MemoryCache.Test\DangEasy.Caching.MemoryCache.Test.csproj", "{8015EB4C-1656-45F6-AA28-D06863249ADF}"
EndProject
Global
	GlobalSection(SolutionConfigurationPlatforms) = preSolution
		Debug|Any CPU = Debug|Any CPU
		Release|Any CPU = Release|Any CPU
	EndGlobalSection
	GlobalSection(ProjectConfigurationPlatforms) = postSolution
		{073B8FF2-1C37-4C1B-97DE-EE762122F3C7}.Debug|Any CPU.ActiveCfg = Debug|Any CPU
		{073B8FF2-1C37-4C1B-97DE-EE762122F3C7}.Debug|Any CPU.Build.0 = Debug|Any CPU
		{073B8FF2-1C37-4C1B-97DE-EE762122F3C7}.Release|Any CPU.ActiveCfg = Release|Any CPU
		{073B8FF2-1C37-4C1B-97DE-EE762122F3C7}.Release|Any CPU.Build.0 = Release|Any CPU
		{8015EB4C-1656-45F6-AA28-D06863249ADF}.Debug|Any CPU.ActiveCfg = Debug|Any CPU
		{8015EB4C-1656-45F6-AA28-D06863249ADF}.Debug|Any CPU.Build.0 = Debug|Any CPU
		{8015EB4C-1656-45F6-AA28-D06863249ADF}.Release|Any CPU.ActiveCfg = Release|Any CPU
		{8015EB4C-1656-45F6-AA28-D06863249ADF}.Release|Any CPU.Build.0 = Release|Any CPU
	EndGlobalSection
EndGlobal
